
Microsoft Visual Studio Solution File, Format Version 12.00
# Visual Studio 15
VisualStudioVersion = 15.0.28307.572
MinimumVisualStudioVersion = 10.0.40219.1
Project("{FAE04EC0-301F-11D3-BF4B-00C04F79EFBC}") = "DevIO.App", "DevIO.App\DevIO.App.csproj", "{DF30E0AC-868A-441E-A030-56E714340F43}"
EndProject
Global
	GlobalSection(SolutionConfigurationPlatforms) = preSolution
		Debug|Any CPU = Debug|Any CPU
		Release|Any CPU = Release|Any CPU
	EndGlobalSection
	GlobalSection(ProjectConfigurationPlatforms) = postSolution
		{DF30E0AC-868A-441E-A030-56E714340F43}.Debug|Any CPU.ActiveCfg = Debug|Any CPU
		{DF30E0AC-868A-441E-A030-56E714340F43}.Debug|Any CPU.Build.0 = Debug|Any CPU
		{DF30E0AC-868A-441E-A030-56E714340F43}.Release|Any CPU.ActiveCfg = Release|Any CPU
		{DF30E0AC-868A-441E-A030-56E714340F43}.Release|Any CPU.Build.0 = Release|Any CPU
	EndGlobalSection
	GlobalSection(SolutionProperties) = preSolution
		HideSolutionNode = FALSE
	EndGlobalSection
	GlobalSection(ExtensibilityGlobals) = postSolution
		SolutionGuid = {AE4395CD-FD08-4538-A2C8-1CAE721A804D}
	EndGlobalSection
EndGlobal
